// !$*UTF8*$!
{
	archiveVersion = 1;
	classes = {
	};
	objectVersion = 56;
	objects = {

/* Begin PBXBuildFile section */
		3A04435729DC0D60005CD724 /* TableViewHeader.swift in Sources */ = {isa = PBXBuildFile; fileRef = 3A04435629DC0D60005CD724 /* TableViewHeader.swift */; };
		3A04435929DC0D82005CD724 /* TableViewHeader.xib in Resources */ = {isa = PBXBuildFile; fileRef = 3A04435829DC0D82005CD724 /* TableViewHeader.xib */; };
		3A044EC329D5C6D200B01D34 /* FavoritesCollectionViewController.swift in Sources */ = {isa = PBXBuildFile; fileRef = 3A044EC229D5C6D200B01D34 /* FavoritesCollectionViewController.swift */; };
		3A044EC529D5CD8400B01D34 /* FavoritesViewCell.swift in Sources */ = {isa = PBXBuildFile; fileRef = 3A044EC429D5CD8400B01D34 /* FavoritesViewCell.swift */; };
		3A044EC729D5CE6C00B01D34 /* ViewLogic.swift in Sources */ = {isa = PBXBuildFile; fileRef = 3A044EC629D5CE6C00B01D34 /* ViewLogic.swift */; };
		3A044EC929D5E00100B01D34 /* Extensiones.swift in Sources */ = {isa = PBXBuildFile; fileRef = 3A044EC829D5E00100B01D34 /* Extensiones.swift */; };
		3A0CB2F22AB9A281003125B8 /* Interface.swift in Sources */ = {isa = PBXBuildFile; fileRef = 3A0CB2F12AB9A281003125B8 /* Interface.swift */; };
		3A0CB2F42AB9AE21003125B8 /* TestBigBang.json in Resources */ = {isa = PBXBuildFile; fileRef = 3A0CB2F32AB9AE21003125B8 /* TestBigBang.json */; };
		3A0CB2F62AB9AFD0003125B8 /* TestingPaths.swift in Sources */ = {isa = PBXBuildFile; fileRef = 3A0CB2F52AB9AFD0003125B8 /* TestingPaths.swift */; };
		3A36BBEB2AB312A20067E40F /* BigBang.json in Resources */ = {isa = PBXBuildFile; fileRef = 3A36BBEA2AB312A20067E40F /* BigBang.json */; };
		3A36BBF52AB3146B0067E40F /* AdrianIraizos_BigBangUIKitTests.swift in Sources */ = {isa = PBXBuildFile; fileRef = 3A36BBF42AB3146B0067E40F /* AdrianIraizos_BigBangUIKitTests.swift */; };
		3A36BBFC2AB3151A0067E40F /* AppLaunchTests.swift in Sources */ = {isa = PBXBuildFile; fileRef = 3A36BBFB2AB315190067E40F /* AppLaunchTests.swift */; };
		3A36BC022AB319F10067E40F /* main.swift in Sources */ = {isa = PBXBuildFile; fileRef = 3A36BC012AB319F10067E40F /* main.swift */; };
		3A36BC042AB31CB30067E40F /* MyApp.swift in Sources */ = {isa = PBXBuildFile; fileRef = 3A36BC032AB31CB30067E40F /* MyApp.swift */; };
		3A36BC082AB322010067E40F /* StoryboardViewControllerTests.swift in Sources */ = {isa = PBXBuildFile; fileRef = 3A36BC072AB322010067E40F /* StoryboardViewControllerTests.swift */; };
		3A5305B529D4526C00C11B7A /* AppDelegate.swift in Sources */ = {isa = PBXBuildFile; fileRef = 3A5305B429D4526C00C11B7A /* AppDelegate.swift */; };
		3A5305B729D4526C00C11B7A /* SceneDelegate.swift in Sources */ = {isa = PBXBuildFile; fileRef = 3A5305B629D4526C00C11B7A /* SceneDelegate.swift */; };
		3A5305BC29D4526C00C11B7A /* Main.storyboard in Resources */ = {isa = PBXBuildFile; fileRef = 3A5305BA29D4526C00C11B7A /* Main.storyboard */; };
		3A5305BE29D4526D00C11B7A /* Assets.xcassets in Resources */ = {isa = PBXBuildFile; fileRef = 3A5305BD29D4526D00C11B7A /* Assets.xcassets */; };
		3A5305C129D4526D00C11B7A /* LaunchScreen.storyboard in Resources */ = {isa = PBXBuildFile; fileRef = 3A5305BF29D4526D00C11B7A /* LaunchScreen.storyboard */; };
		3A5305D029D4768900C11B7A /* TableViewCell.swift in Sources */ = {isa = PBXBuildFile; fileRef = 3A5305CF29D4768900C11B7A /* TableViewCell.swift */; };
		3A5305D629D476DC00C11B7A /* Episode.swift in Sources */ = {isa = PBXBuildFile; fileRef = 3A5305D529D476DC00C11B7A /* Episode.swift */; };
		3A5305D829D4776F00C11B7A /* ModelLogic.swift in Sources */ = {isa = PBXBuildFile; fileRef = 3A5305D729D4776F00C11B7A /* ModelLogic.swift */; };
		3A5305DA29D4777800C11B7A /* Persistence.swift in Sources */ = {isa = PBXBuildFile; fileRef = 3A5305D929D4777800C11B7A /* Persistence.swift */; };
		3A5305DC29D47B7300C11B7A /* SeasonsTableViewController.swift in Sources */ = {isa = PBXBuildFile; fileRef = 3A5305DB29D47B7300C11B7A /* SeasonsTableViewController.swift */; };
		3A5305DE29D4808900C11B7A /* EpisodesDiffableDataSource.swift in Sources */ = {isa = PBXBuildFile; fileRef = 3A5305DD29D4808900C11B7A /* EpisodesDiffableDataSource.swift */; };
		3A56B6C129E18A4F00A99680 /* iPadFavoritesCollectionViewController.swift in Sources */ = {isa = PBXBuildFile; fileRef = 3A56B6C029E18A4F00A99680 /* iPadFavoritesCollectionViewController.swift */; };
		3A56B6C329E18A7800A99680 /* iPadFavoritesViewCell.swift in Sources */ = {isa = PBXBuildFile; fileRef = 3A56B6C229E18A7800A99680 /* iPadFavoritesViewCell.swift */; };
		3ABC320B2AB9DAC5003D053C /* TestingAppDelegate.swift in Sources */ = {isa = PBXBuildFile; fileRef = 3A36BBFF2AB315CB0067E40F /* TestingAppDelegate.swift */; };
		3AC44EFC29D499DD009D1434 /* DetailViewController.swift in Sources */ = {isa = PBXBuildFile; fileRef = 3AC44EFB29D499DD009D1434 /* DetailViewController.swift */; };
		3AE1A1D729E084F100C7CBF2 /* MainiPad.storyboard in Resources */ = {isa = PBXBuildFile; fileRef = 3AE1A1D629E084F100C7CBF2 /* MainiPad.storyboard */; };
		3AE1A1D929E0892C00C7CBF2 /* iPadTableViewCell.swift in Sources */ = {isa = PBXBuildFile; fileRef = 3AE1A1D829E0892C00C7CBF2 /* iPadTableViewCell.swift */; };
		3AE1A1DB29E0896B00C7CBF2 /* iPadSeasonsTableViewController.swift in Sources */ = {isa = PBXBuildFile; fileRef = 3AE1A1DA29E0896B00C7CBF2 /* iPadSeasonsTableViewController.swift */; };
		3AE1A1DD29E08D7A00C7CBF2 /* iPadDetailViewController.swift in Sources */ = {isa = PBXBuildFile; fileRef = 3AE1A1DC29E08D7A00C7CBF2 /* iPadDetailViewController.swift */; };
		3AE1A1DF29E0928700C7CBF2 /* iPadDetailView.swift in Sources */ = {isa = PBXBuildFile; fileRef = 3AE1A1DE29E0928700C7CBF2 /* iPadDetailView.swift */; };
/* End PBXBuildFile section */

/* Begin PBXContainerItemProxy section */
		3A36BBF62AB3146B0067E40F /* PBXContainerItemProxy */ = {
			isa = PBXContainerItemProxy;
			containerPortal = 3A5305A929D4526C00C11B7A /* Project object */;
			proxyType = 1;
			remoteGlobalIDString = 3A5305B029D4526C00C11B7A;
			remoteInfo = AdrianIraizos_BigBangUIKit;
		};
/* End PBXContainerItemProxy section */

/* Begin PBXFileReference section */
		3A04435629DC0D60005CD724 /* TableViewHeader.swift */ = {isa = PBXFileReference; lastKnownFileType = sourcecode.swift; path = TableViewHeader.swift; sourceTree = "<group>"; };
		3A04435829DC0D82005CD724 /* TableViewHeader.xib */ = {isa = PBXFileReference; lastKnownFileType = file.xib; path = TableViewHeader.xib; sourceTree = "<group>"; };
		3A044EC229D5C6D200B01D34 /* FavoritesCollectionViewController.swift */ = {isa = PBXFileReference; lastKnownFileType = sourcecode.swift; path = FavoritesCollectionViewController.swift; sourceTree = "<group>"; };
		3A044EC429D5CD8400B01D34 /* FavoritesViewCell.swift */ = {isa = PBXFileReference; lastKnownFileType = sourcecode.swift; path = FavoritesViewCell.swift; sourceTree = "<group>"; };
		3A044EC629D5CE6C00B01D34 /* ViewLogic.swift */ = {isa = PBXFileReference; lastKnownFileType = sourcecode.swift; path = ViewLogic.swift; sourceTree = "<group>"; };
		3A044EC829D5E00100B01D34 /* Extensiones.swift */ = {isa = PBXFileReference; lastKnownFileType = sourcecode.swift; path = Extensiones.swift; sourceTree = "<group>"; };
		3A0CB2F12AB9A281003125B8 /* Interface.swift */ = {isa = PBXFileReference; lastKnownFileType = sourcecode.swift; path = Interface.swift; sourceTree = "<group>"; };
		3A0CB2F32AB9AE21003125B8 /* TestBigBang.json */ = {isa = PBXFileReference; lastKnownFileType = text.json; path = TestBigBang.json; sourceTree = "<group>"; };
		3A0CB2F52AB9AFD0003125B8 /* TestingPaths.swift */ = {isa = PBXFileReference; lastKnownFileType = sourcecode.swift; path = TestingPaths.swift; sourceTree = "<group>"; };
		3A36BBEA2AB312A20067E40F /* BigBang.json */ = {isa = PBXFileReference; fileEncoding = 4; lastKnownFileType = text.json; name = BigBang.json; path = "../../../../Desktop/xCode/Bootcamp/Ejercicios/Big Bang App/BigBang.json"; sourceTree = "<group>"; };
		3A36BBF22AB3146B0067E40F /* AdrianIraizos_BigBangUIKitTests.xctest */ = {isa = PBXFileReference; explicitFileType = wrapper.cfbundle; includeInIndex = 0; path = AdrianIraizos_BigBangUIKitTests.xctest; sourceTree = BUILT_PRODUCTS_DIR; };
		3A36BBF42AB3146B0067E40F /* AdrianIraizos_BigBangUIKitTests.swift */ = {isa = PBXFileReference; lastKnownFileType = sourcecode.swift; path = AdrianIraizos_BigBangUIKitTests.swift; sourceTree = "<group>"; };
		3A36BBFB2AB315190067E40F /* AppLaunchTests.swift */ = {isa = PBXFileReference; lastKnownFileType = sourcecode.swift; path = AppLaunchTests.swift; sourceTree = "<group>"; };
		3A36BBFF2AB315CB0067E40F /* TestingAppDelegate.swift */ = {isa = PBXFileReference; lastKnownFileType = sourcecode.swift; name = TestingAppDelegate.swift; path = AdrianIraizos_BigBangUIKitTests/TestingAppDelegate.swift; sourceTree = SOURCE_ROOT; };
		3A36BC012AB319F10067E40F /* main.swift */ = {isa = PBXFileReference; lastKnownFileType = sourcecode.swift; path = main.swift; sourceTree = "<group>"; };
		3A36BC032AB31CB30067E40F /* MyApp.swift */ = {isa = PBXFileReference; lastKnownFileType = sourcecode.swift; path = MyApp.swift; sourceTree = "<group>"; };
		3A36BC072AB322010067E40F /* StoryboardViewControllerTests.swift */ = {isa = PBXFileReference; lastKnownFileType = sourcecode.swift; path = StoryboardViewControllerTests.swift; sourceTree = "<group>"; };
		3A5305B129D4526C00C11B7A /* AdrianIraizos_BigBangUIKit.app */ = {isa = PBXFileReference; explicitFileType = wrapper.application; includeInIndex = 0; path = AdrianIraizos_BigBangUIKit.app; sourceTree = BUILT_PRODUCTS_DIR; };
		3A5305B429D4526C00C11B7A /* AppDelegate.swift */ = {isa = PBXFileReference; lastKnownFileType = sourcecode.swift; path = AppDelegate.swift; sourceTree = "<group>"; };
		3A5305B629D4526C00C11B7A /* SceneDelegate.swift */ = {isa = PBXFileReference; lastKnownFileType = sourcecode.swift; path = SceneDelegate.swift; sourceTree = "<group>"; };
		3A5305BB29D4526C00C11B7A /* Base */ = {isa = PBXFileReference; lastKnownFileType = file.storyboard; name = Base; path = Base.lproj/Main.storyboard; sourceTree = "<group>"; };
		3A5305BD29D4526D00C11B7A /* Assets.xcassets */ = {isa = PBXFileReference; lastKnownFileType = folder.assetcatalog; name = Assets.xcassets; path = /Users/adrian/MundoDev/Repositorios/AdrianIraizos_BigBangUIKit/AdrianIraizos_BigBangUIKit/Assets.xcassets; sourceTree = "<absolute>"; };
		3A5305C029D4526D00C11B7A /* Base */ = {isa = PBXFileReference; lastKnownFileType = file.storyboard; name = Base; path = Base.lproj/LaunchScreen.storyboard; sourceTree = "<group>"; };
		3A5305C229D4526D00C11B7A /* Info.plist */ = {isa = PBXFileReference; lastKnownFileType = text.plist.xml; path = Info.plist; sourceTree = "<group>"; };
		3A5305CF29D4768900C11B7A /* TableViewCell.swift */ = {isa = PBXFileReference; lastKnownFileType = sourcecode.swift; path = TableViewCell.swift; sourceTree = "<group>"; };
		3A5305D529D476DC00C11B7A /* Episode.swift */ = {isa = PBXFileReference; lastKnownFileType = sourcecode.swift; path = Episode.swift; sourceTree = "<group>"; };
		3A5305D729D4776F00C11B7A /* ModelLogic.swift */ = {isa = PBXFileReference; lastKnownFileType = sourcecode.swift; path = ModelLogic.swift; sourceTree = "<group>"; };
		3A5305D929D4777800C11B7A /* Persistence.swift */ = {isa = PBXFileReference; lastKnownFileType = sourcecode.swift; path = Persistence.swift; sourceTree = "<group>"; };
		3A5305DB29D47B7300C11B7A /* SeasonsTableViewController.swift */ = {isa = PBXFileReference; lastKnownFileType = sourcecode.swift; path = SeasonsTableViewController.swift; sourceTree = "<group>"; };
		3A5305DD29D4808900C11B7A /* EpisodesDiffableDataSource.swift */ = {isa = PBXFileReference; lastKnownFileType = sourcecode.swift; path = EpisodesDiffableDataSource.swift; sourceTree = "<group>"; };
		3A56B6C029E18A4F00A99680 /* iPadFavoritesCollectionViewController.swift */ = {isa = PBXFileReference; lastKnownFileType = sourcecode.swift; path = iPadFavoritesCollectionViewController.swift; sourceTree = "<group>"; };
		3A56B6C229E18A7800A99680 /* iPadFavoritesViewCell.swift */ = {isa = PBXFileReference; lastKnownFileType = sourcecode.swift; path = iPadFavoritesViewCell.swift; sourceTree = "<group>"; };
		3AC44EFB29D499DD009D1434 /* DetailViewController.swift */ = {isa = PBXFileReference; lastKnownFileType = sourcecode.swift; path = DetailViewController.swift; sourceTree = "<group>"; };
		3AE1A1D629E084F100C7CBF2 /* MainiPad.storyboard */ = {isa = PBXFileReference; lastKnownFileType = file.storyboard; path = MainiPad.storyboard; sourceTree = "<group>"; };
		3AE1A1D829E0892C00C7CBF2 /* iPadTableViewCell.swift */ = {isa = PBXFileReference; lastKnownFileType = sourcecode.swift; path = iPadTableViewCell.swift; sourceTree = "<group>"; };
		3AE1A1DA29E0896B00C7CBF2 /* iPadSeasonsTableViewController.swift */ = {isa = PBXFileReference; lastKnownFileType = sourcecode.swift; path = iPadSeasonsTableViewController.swift; sourceTree = "<group>"; };
		3AE1A1DC29E08D7A00C7CBF2 /* iPadDetailViewController.swift */ = {isa = PBXFileReference; lastKnownFileType = sourcecode.swift; path = iPadDetailViewController.swift; sourceTree = "<group>"; };
		3AE1A1DE29E0928700C7CBF2 /* iPadDetailView.swift */ = {isa = PBXFileReference; lastKnownFileType = sourcecode.swift; path = iPadDetailView.swift; sourceTree = "<group>"; };
/* End PBXFileReference section */

/* Begin PBXFrameworksBuildPhase section */
		3A36BBEF2AB3146B0067E40F /* Frameworks */ = {
			isa = PBXFrameworksBuildPhase;
			buildActionMask = 2147483647;
			files = (
			);
			runOnlyForDeploymentPostprocessing = 0;
		};
		3A5305AE29D4526C00C11B7A /* Frameworks */ = {
			isa = PBXFrameworksBuildPhase;
			buildActionMask = 2147483647;
			files = (
			);
			runOnlyForDeploymentPostprocessing = 0;
		};
/* End PBXFrameworksBuildPhase section */

/* Begin PBXGroup section */
		3A36BBEC2AB313A00067E40F /* System */ = {
			isa = PBXGroup;
			children = (
				3A5305B429D4526C00C11B7A /* AppDelegate.swift */,
				3A5305B629D4526C00C11B7A /* SceneDelegate.swift */,
				3A5305BA29D4526C00C11B7A /* Main.storyboard */,
				3A5305BD29D4526D00C11B7A /* Assets.xcassets */,
				3A5305BF29D4526D00C11B7A /* LaunchScreen.storyboard */,
				3A5305C229D4526D00C11B7A /* Info.plist */,
				3A36BC012AB319F10067E40F /* main.swift */,
				3A36BC032AB31CB30067E40F /* MyApp.swift */,
			);
			name = System;
			sourceTree = "<group>";
		};
		3A36BBF32AB3146B0067E40F /* AdrianIraizos_BigBangUIKitTests */ = {
			isa = PBXGroup;
			children = (
				3A36BBFE2AB315B20067E40F /* TestsClasses */,
				3A36BBF42AB3146B0067E40F /* AdrianIraizos_BigBangUIKitTests.swift */,
				3A36BC072AB322010067E40F /* StoryboardViewControllerTests.swift */,
				3A0CB2F32AB9AE21003125B8 /* TestBigBang.json */,
			);
			path = AdrianIraizos_BigBangUIKitTests;
			sourceTree = "<group>";
		};
		3A36BBFE2AB315B20067E40F /* TestsClasses */ = {
			isa = PBXGroup;
			children = (
				3A36BBFF2AB315CB0067E40F /* TestingAppDelegate.swift */,
				3A36BBFB2AB315190067E40F /* AppLaunchTests.swift */,
				3A0CB2F52AB9AFD0003125B8 /* TestingPaths.swift */,
			);
			name = TestsClasses;
			sourceTree = "<group>";
		};
		3A5305A829D4526C00C11B7A = {
			isa = PBXGroup;
			children = (
				3A5305B329D4526C00C11B7A /* AdrianIraizos_BigBangUIKit */,
				3A36BBF32AB3146B0067E40F /* AdrianIraizos_BigBangUIKitTests */,
				3A5305B229D4526C00C11B7A /* Products */,
			);
			sourceTree = "<group>";
		};
		3A5305B229D4526C00C11B7A /* Products */ = {
			isa = PBXGroup;
			children = (
				3A5305B129D4526C00C11B7A /* AdrianIraizos_BigBangUIKit.app */,
				3A36BBF22AB3146B0067E40F /* AdrianIraizos_BigBangUIKitTests.xctest */,
			);
			name = Products;
			sourceTree = "<group>";
		};
		3A5305B329D4526C00C11B7A /* AdrianIraizos_BigBangUIKit */ = {
			isa = PBXGroup;
			children = (
				3A36BBEC2AB313A00067E40F /* System */,
				3AE1A1D529E084E500C7CBF2 /* iPad */,
				3A5305D129D4769700C11B7A /* Model */,
				3A5305D229D4769E00C11B7A /* View */,
				3A5305D329D476A300C11B7A /* Controller */,
				3A5305C829D452A700C11B7A /* Helpers */,
			);
			path = AdrianIraizos_BigBangUIKit;
			sourceTree = "<group>";
		};
		3A5305C829D452A700C11B7A /* Helpers */ = {
			isa = PBXGroup;
			children = (
				3A36BBEA2AB312A20067E40F /* BigBang.json */,
				3A044EC829D5E00100B01D34 /* Extensiones.swift */,
				3A0CB2F12AB9A281003125B8 /* Interface.swift */,
			);
			name = Helpers;
			sourceTree = "<group>";
		};
		3A5305D129D4769700C11B7A /* Model */ = {
			isa = PBXGroup;
			children = (
				3A5305D529D476DC00C11B7A /* Episode.swift */,
				3A5305D729D4776F00C11B7A /* ModelLogic.swift */,
				3A5305D929D4777800C11B7A /* Persistence.swift */,
				3A5305DD29D4808900C11B7A /* EpisodesDiffableDataSource.swift */,
				3A044EC629D5CE6C00B01D34 /* ViewLogic.swift */,
			);
			name = Model;
			sourceTree = "<group>";
		};
		3A5305D229D4769E00C11B7A /* View */ = {
			isa = PBXGroup;
			children = (
				3A5305D429D476BE00C11B7A /* Cell */,
			);
			name = View;
			sourceTree = "<group>";
		};
		3A5305D329D476A300C11B7A /* Controller */ = {
			isa = PBXGroup;
			children = (
				3AC44EFB29D499DD009D1434 /* DetailViewController.swift */,
				3A5305DB29D47B7300C11B7A /* SeasonsTableViewController.swift */,
				3A044EC229D5C6D200B01D34 /* FavoritesCollectionViewController.swift */,
			);
			name = Controller;
			sourceTree = "<group>";
		};
		3A5305D429D476BE00C11B7A /* Cell */ = {
			isa = PBXGroup;
			children = (
				3A5305CF29D4768900C11B7A /* TableViewCell.swift */,
				3A044EC429D5CD8400B01D34 /* FavoritesViewCell.swift */,
				3A04435629DC0D60005CD724 /* TableViewHeader.swift */,
				3A04435829DC0D82005CD724 /* TableViewHeader.xib */,
			);
			name = Cell;
			sourceTree = "<group>";
		};
		3AE1A1D529E084E500C7CBF2 /* iPad */ = {
			isa = PBXGroup;
			children = (
				3AE1A1D629E084F100C7CBF2 /* MainiPad.storyboard */,
				3AE1A1D829E0892C00C7CBF2 /* iPadTableViewCell.swift */,
				3AE1A1DA29E0896B00C7CBF2 /* iPadSeasonsTableViewController.swift */,
				3AE1A1DC29E08D7A00C7CBF2 /* iPadDetailViewController.swift */,
				3AE1A1DE29E0928700C7CBF2 /* iPadDetailView.swift */,
				3A56B6C029E18A4F00A99680 /* iPadFavoritesCollectionViewController.swift */,
				3A56B6C229E18A7800A99680 /* iPadFavoritesViewCell.swift */,
			);
			name = iPad;
			sourceTree = "<group>";
		};
/* End PBXGroup section */

/* Begin PBXNativeTarget section */
		3A36BBF12AB3146B0067E40F /* AdrianIraizos_BigBangUIKitTests */ = {
			isa = PBXNativeTarget;
			buildConfigurationList = 3A36BBF82AB3146B0067E40F /* Build configuration list for PBXNativeTarget "AdrianIraizos_BigBangUIKitTests" */;
			buildPhases = (
				3A36BBEE2AB3146B0067E40F /* Sources */,
				3A36BBEF2AB3146B0067E40F /* Frameworks */,
				3A36BBF02AB3146B0067E40F /* Resources */,
			);
			buildRules = (
			);
			dependencies = (
				3A36BBF72AB3146B0067E40F /* PBXTargetDependency */,
			);
			name = AdrianIraizos_BigBangUIKitTests;
			productName = AdrianIraizos_BigBangUIKitTests;
			productReference = 3A36BBF22AB3146B0067E40F /* AdrianIraizos_BigBangUIKitTests.xctest */;
			productType = "com.apple.product-type.bundle.unit-test";
		};
		3A5305B029D4526C00C11B7A /* AdrianIraizos_BigBangUIKit */ = {
			isa = PBXNativeTarget;
			buildConfigurationList = 3A5305C529D4526D00C11B7A /* Build configuration list for PBXNativeTarget "AdrianIraizos_BigBangUIKit" */;
			buildPhases = (
				3A5305AD29D4526C00C11B7A /* Sources */,
				3A5305AE29D4526C00C11B7A /* Frameworks */,
				3A5305AF29D4526C00C11B7A /* Resources */,
			);
			buildRules = (
			);
			dependencies = (
			);
			name = AdrianIraizos_BigBangUIKit;
			productName = AdrianIraizos_BigBangUIKit;
			productReference = 3A5305B129D4526C00C11B7A /* AdrianIraizos_BigBangUIKit.app */;
			productType = "com.apple.product-type.application";
		};
/* End PBXNativeTarget section */

/* Begin PBXProject section */
		3A5305A929D4526C00C11B7A /* Project object */ = {
			isa = PBXProject;
			attributes = {
				BuildIndependentTargetsInParallel = 1;
				LastSwiftUpdateCheck = 1430;
				LastUpgradeCheck = 1420;
				TargetAttributes = {
					3A36BBF12AB3146B0067E40F = {
						CreatedOnToolsVersion = 14.3.1;
						TestTargetID = 3A5305B029D4526C00C11B7A;
					};
					3A5305B029D4526C00C11B7A = {
						CreatedOnToolsVersion = 14.2;
					};
				};
			};
			buildConfigurationList = 3A5305AC29D4526C00C11B7A /* Build configuration list for PBXProject "AdrianIraizos_BigBangUIKit" */;
			compatibilityVersion = "Xcode 14.0";
			developmentRegion = en;
			hasScannedForEncodings = 0;
			knownRegions = (
				en,
				Base,
			);
			mainGroup = 3A5305A829D4526C00C11B7A;
			productRefGroup = 3A5305B229D4526C00C11B7A /* Products */;
			projectDirPath = "";
			projectRoot = "";
			targets = (
				3A5305B029D4526C00C11B7A /* AdrianIraizos_BigBangUIKit */,
				3A36BBF12AB3146B0067E40F /* AdrianIraizos_BigBangUIKitTests */,
			);
		};
/* End PBXProject section */

/* Begin PBXResourcesBuildPhase section */
		3A36BBF02AB3146B0067E40F /* Resources */ = {
			isa = PBXResourcesBuildPhase;
			buildActionMask = 2147483647;
			files = (
				3A0CB2F42AB9AE21003125B8 /* TestBigBang.json in Resources */,
			);
			runOnlyForDeploymentPostprocessing = 0;
		};
		3A5305AF29D4526C00C11B7A /* Resources */ = {
			isa = PBXResourcesBuildPhase;
			buildActionMask = 2147483647;
			files = (
				3A5305C129D4526D00C11B7A /* LaunchScreen.storyboard in Resources */,
				3AE1A1D729E084F100C7CBF2 /* MainiPad.storyboard in Resources */,
				3A36BBEB2AB312A20067E40F /* BigBang.json in Resources */,
				3A5305BE29D4526D00C11B7A /* Assets.xcassets in Resources */,
				3A04435929DC0D82005CD724 /* TableViewHeader.xib in Resources */,
				3A5305BC29D4526C00C11B7A /* Main.storyboard in Resources */,
			);
			runOnlyForDeploymentPostprocessing = 0;
		};
/* End PBXResourcesBuildPhase section */

/* Begin PBXSourcesBuildPhase section */
		3A36BBEE2AB3146B0067E40F /* Sources */ = {
			isa = PBXSourcesBuildPhase;
			buildActionMask = 2147483647;
			files = (
				3ABC320B2AB9DAC5003D053C /* TestingAppDelegate.swift in Sources */,
				3A36BBFC2AB3151A0067E40F /* AppLaunchTests.swift in Sources */,
				3A36BBF52AB3146B0067E40F /* AdrianIraizos_BigBangUIKitTests.swift in Sources */,
				3A36BC082AB322010067E40F /* StoryboardViewControllerTests.swift in Sources */,
				3A0CB2F62AB9AFD0003125B8 /* TestingPaths.swift in Sources */,
			);
			runOnlyForDeploymentPostprocessing = 0;
		};
		3A5305AD29D4526C00C11B7A /* Sources */ = {
			isa = PBXSourcesBuildPhase;
			buildActionMask = 2147483647;
			files = (
				3AE1A1DB29E0896B00C7CBF2 /* iPadSeasonsTableViewController.swift in Sources */,
				3AC44EFC29D499DD009D1434 /* DetailViewController.swift in Sources */,
				3A044EC929D5E00100B01D34 /* Extensiones.swift in Sources */,
				3A5305D029D4768900C11B7A /* TableViewCell.swift in Sources */,
				3A044EC529D5CD8400B01D34 /* FavoritesViewCell.swift in Sources */,
				3A5305D629D476DC00C11B7A /* Episode.swift in Sources */,
				3AE1A1DD29E08D7A00C7CBF2 /* iPadDetailViewController.swift in Sources */,
				3A36BC042AB31CB30067E40F /* MyApp.swift in Sources */,
				3A044EC329D5C6D200B01D34 /* FavoritesCollectionViewController.swift in Sources */,
				3A04435729DC0D60005CD724 /* TableViewHeader.swift in Sources */,
				3A5305DC29D47B7300C11B7A /* SeasonsTableViewController.swift in Sources */,
				3A0CB2F22AB9A281003125B8 /* Interface.swift in Sources */,
				3A044EC729D5CE6C00B01D34 /* ViewLogic.swift in Sources */,
				3A5305B529D4526C00C11B7A /* AppDelegate.swift in Sources */,
				3A36BC022AB319F10067E40F /* main.swift in Sources */,
				3A5305D829D4776F00C11B7A /* ModelLogic.swift in Sources */,
				3A56B6C129E18A4F00A99680 /* iPadFavoritesCollectionViewController.swift in Sources */,
				3A56B6C329E18A7800A99680 /* iPadFavoritesViewCell.swift in Sources */,
				3AE1A1DF29E0928700C7CBF2 /* iPadDetailView.swift in Sources */,
				3AE1A1D929E0892C00C7CBF2 /* iPadTableViewCell.swift in Sources */,
				3A5305B729D4526C00C11B7A /* SceneDelegate.swift in Sources */,
				3A5305DE29D4808900C11B7A /* EpisodesDiffableDataSource.swift in Sources */,
				3A5305DA29D4777800C11B7A /* Persistence.swift in Sources */,
			);
			runOnlyForDeploymentPostprocessing = 0;
		};
/* End PBXSourcesBuildPhase section */

/* Begin PBXTargetDependency section */
		3A36BBF72AB3146B0067E40F /* PBXTargetDependency */ = {
			isa = PBXTargetDependency;
			target = 3A5305B029D4526C00C11B7A /* AdrianIraizos_BigBangUIKit */;
			targetProxy = 3A36BBF62AB3146B0067E40F /* PBXContainerItemProxy */;
		};
/* End PBXTargetDependency section */

/* Begin PBXVariantGroup section */
		3A5305BA29D4526C00C11B7A /* Main.storyboard */ = {
			isa = PBXVariantGroup;
			children = (
				3A5305BB29D4526C00C11B7A /* Base */,
			);
			name = Main.storyboard;
			sourceTree = "<group>";
		};
		3A5305BF29D4526D00C11B7A /* LaunchScreen.storyboard */ = {
			isa = PBXVariantGroup;
			children = (
				3A5305C029D4526D00C11B7A /* Base */,
			);
			name = LaunchScreen.storyboard;
			sourceTree = "<group>";
		};
/* End PBXVariantGroup section */

/* Begin XCBuildConfiguration section */
		3A36BBF92AB3146B0067E40F /* Debug */ = {
			isa = XCBuildConfiguration;
			buildSettings = {
				BUNDLE_LOADER = "$(TEST_HOST)";
				CODE_SIGN_STYLE = Automatic;
				CURRENT_PROJECT_VERSION = 1;
				DEVELOPMENT_TEAM = 6SPUJN2479;
				GENERATE_INFOPLIST_FILE = YES;
				IPHONEOS_DEPLOYMENT_TARGET = 16.4;
				MARKETING_VERSION = 1.0;
				PRODUCT_BUNDLE_IDENTIFIER = "dev.adrianiraizos.AdrianIraizos-BigBangUIKitTests";
				PRODUCT_NAME = "$(TARGET_NAME)";
				SWIFT_EMIT_LOC_STRINGS = NO;
				SWIFT_VERSION = 5.0;
				TARGETED_DEVICE_FAMILY = "1,2";
				TEST_HOST = "$(BUILT_PRODUCTS_DIR)/AdrianIraizos_BigBangUIKit.app/$(BUNDLE_EXECUTABLE_FOLDER_PATH)/AdrianIraizos_BigBangUIKit";
			};
			name = Debug;
		};
		3A36BBFA2AB3146B0067E40F /* Release */ = {
			isa = XCBuildConfiguration;
			buildSettings = {
				BUNDLE_LOADER = "$(TEST_HOST)";
				CODE_SIGN_STYLE = Automatic;
				CURRENT_PROJECT_VERSION = 1;
				DEVELOPMENT_TEAM = 6SPUJN2479;
				GENERATE_INFOPLIST_FILE = YES;
				IPHONEOS_DEPLOYMENT_TARGET = 16.4;
				MARKETING_VERSION = 1.0;
				PRODUCT_BUNDLE_IDENTIFIER = "dev.adrianiraizos.AdrianIraizos-BigBangUIKitTests";
				PRODUCT_NAME = "$(TARGET_NAME)";
				SWIFT_EMIT_LOC_STRINGS = NO;
				SWIFT_VERSION = 5.0;
				TARGETED_DEVICE_FAMILY = "1,2";
				TEST_HOST = "$(BUILT_PRODUCTS_DIR)/AdrianIraizos_BigBangUIKit.app/$(BUNDLE_EXECUTABLE_FOLDER_PATH)/AdrianIraizos_BigBangUIKit";
			};
			name = Release;
		};
		3A5305C329D4526D00C11B7A /* Debug */ = {
			isa = XCBuildConfiguration;
			buildSettings = {
				ALWAYS_SEARCH_USER_PATHS = NO;
				CLANG_ANALYZER_NONNULL = YES;
				CLANG_ANALYZER_NUMBER_OBJECT_CONVERSION = YES_AGGRESSIVE;
				CLANG_CXX_LANGUAGE_STANDARD = "gnu++20";
				CLANG_ENABLE_MODULES = YES;
				CLANG_ENABLE_OBJC_ARC = YES;
				CLANG_ENABLE_OBJC_WEAK = YES;
				CLANG_WARN_BLOCK_CAPTURE_AUTORELEASING = YES;
				CLANG_WARN_BOOL_CONVERSION = YES;
				CLANG_WARN_COMMA = YES;
				CLANG_WARN_CONSTANT_CONVERSION = YES;
				CLANG_WARN_DEPRECATED_OBJC_IMPLEMENTATIONS = YES;
				CLANG_WARN_DIRECT_OBJC_ISA_USAGE = YES_ERROR;
				CLANG_WARN_DOCUMENTATION_COMMENTS = YES;
				CLANG_WARN_EMPTY_BODY = YES;
				CLANG_WARN_ENUM_CONVERSION = YES;
				CLANG_WARN_INFINITE_RECURSION = YES;
				CLANG_WARN_INT_CONVERSION = YES;
				CLANG_WARN_NON_LITERAL_NULL_CONVERSION = YES;
				CLANG_WARN_OBJC_IMPLICIT_RETAIN_SELF = YES;
				CLANG_WARN_OBJC_LITERAL_CONVERSION = YES;
				CLANG_WARN_OBJC_ROOT_CLASS = YES_ERROR;
				CLANG_WARN_QUOTED_INCLUDE_IN_FRAMEWORK_HEADER = YES;
				CLANG_WARN_RANGE_LOOP_ANALYSIS = YES;
				CLANG_WARN_STRICT_PROTOTYPES = YES;
				CLANG_WARN_SUSPICIOUS_MOVE = YES;
				CLANG_WARN_UNGUARDED_AVAILABILITY = YES_AGGRESSIVE;
				CLANG_WARN_UNREACHABLE_CODE = YES;
				CLANG_WARN__DUPLICATE_METHOD_MATCH = YES;
				COPY_PHASE_STRIP = NO;
				DEBUG_INFORMATION_FORMAT = dwarf;
				ENABLE_STRICT_OBJC_MSGSEND = YES;
				ENABLE_TESTABILITY = YES;
				GCC_C_LANGUAGE_STANDARD = gnu11;
				GCC_DYNAMIC_NO_PIC = NO;
				GCC_NO_COMMON_BLOCKS = YES;
				GCC_OPTIMIZATION_LEVEL = 0;
				GCC_PREPROCESSOR_DEFINITIONS = (
					"DEBUG=1",
					"$(inherited)",
				);
				GCC_WARN_64_TO_32_BIT_CONVERSION = YES;
				GCC_WARN_ABOUT_RETURN_TYPE = YES_ERROR;
				GCC_WARN_UNDECLARED_SELECTOR = YES;
				GCC_WARN_UNINITIALIZED_AUTOS = YES_AGGRESSIVE;
				GCC_WARN_UNUSED_FUNCTION = YES;
				GCC_WARN_UNUSED_VARIABLE = YES;
				IPHONEOS_DEPLOYMENT_TARGET = 16.2;
				MTL_ENABLE_DEBUG_INFO = INCLUDE_SOURCE;
				MTL_FAST_MATH = YES;
				ONLY_ACTIVE_ARCH = YES;
				SDKROOT = iphoneos;
				SWIFT_ACTIVE_COMPILATION_CONDITIONS = DEBUG;
				SWIFT_OPTIMIZATION_LEVEL = "-Onone";
			};
			name = Debug;
		};
		3A5305C429D4526D00C11B7A /* Release */ = {
			isa = XCBuildConfiguration;
			buildSettings = {
				ALWAYS_SEARCH_USER_PATHS = NO;
				CLANG_ANALYZER_NONNULL = YES;
				CLANG_ANALYZER_NUMBER_OBJECT_CONVERSION = YES_AGGRESSIVE;
				CLANG_CXX_LANGUAGE_STANDARD = "gnu++20";
				CLANG_ENABLE_MODULES = YES;
				CLANG_ENABLE_OBJC_ARC = YES;
				CLANG_ENABLE_OBJC_WEAK = YES;
				CLANG_WARN_BLOCK_CAPTURE_AUTORELEASING = YES;
				CLANG_WARN_BOOL_CONVERSION = YES;
				CLANG_WARN_COMMA = YES;
				CLANG_WARN_CONSTANT_CONVERSION = YES;
				CLANG_WARN_DEPRECATED_OBJC_IMPLEMENTATIONS = YES;
				CLANG_WARN_DIRECT_OBJC_ISA_USAGE = YES_ERROR;
				CLANG_WARN_DOCUMENTATION_COMMENTS = YES;
				CLANG_WARN_EMPTY_BODY = YES;
				CLANG_WARN_ENUM_CONVERSION = YES;
				CLANG_WARN_INFINITE_RECURSION = YES;
				CLANG_WARN_INT_CONVERSION = YES;
				CLANG_WARN_NON_LITERAL_NULL_CONVERSION = YES;
				CLANG_WARN_OBJC_IMPLICIT_RETAIN_SELF = YES;
				CLANG_WARN_OBJC_LITERAL_CONVERSION = YES;
				CLANG_WARN_OBJC_ROOT_CLASS = YES_ERROR;
				CLANG_WARN_QUOTED_INCLUDE_IN_FRAMEWORK_HEADER = YES;
				CLANG_WARN_RANGE_LOOP_ANALYSIS = YES;
				CLANG_WARN_STRICT_PROTOTYPES = YES;
				CLANG_WARN_SUSPICIOUS_MOVE = YES;
				CLANG_WARN_UNGUARDED_AVAILABILITY = YES_AGGRESSIVE;
				CLANG_WARN_UNREACHABLE_CODE = YES;
				CLANG_WARN__DUPLICATE_METHOD_MATCH = YES;
				COPY_PHASE_STRIP = NO;
				DEBUG_INFORMATION_FORMAT = "dwarf-with-dsym";
				ENABLE_NS_ASSERTIONS = NO;
				ENABLE_STRICT_OBJC_MSGSEND = YES;
				GCC_C_LANGUAGE_STANDARD = gnu11;
				GCC_NO_COMMON_BLOCKS = YES;
				GCC_WARN_64_TO_32_BIT_CONVERSION = YES;
				GCC_WARN_ABOUT_RETURN_TYPE = YES_ERROR;
				GCC_WARN_UNDECLARED_SELECTOR = YES;
				GCC_WARN_UNINITIALIZED_AUTOS = YES_AGGRESSIVE;
				GCC_WARN_UNUSED_FUNCTION = YES;
				GCC_WARN_UNUSED_VARIABLE = YES;
				IPHONEOS_DEPLOYMENT_TARGET = 16.2;
				MTL_ENABLE_DEBUG_INFO = NO;
				MTL_FAST_MATH = YES;
				SDKROOT = iphoneos;
				SWIFT_COMPILATION_MODE = wholemodule;
				SWIFT_OPTIMIZATION_LEVEL = "-O";
				VALIDATE_PRODUCT = YES;
			};
			name = Release;
		};
		3A5305C629D4526D00C11B7A /* Debug */ = {
			isa = XCBuildConfiguration;
			buildSettings = {
				ASSETCATALOG_COMPILER_APPICON_NAME = AppIcon;
				ASSETCATALOG_COMPILER_GLOBAL_ACCENT_COLOR_NAME = AccentColor;
				CODE_SIGN_STYLE = Automatic;
				CURRENT_PROJECT_VERSION = 1;
				DEVELOPMENT_TEAM = 6SPUJN2479;
				GENERATE_INFOPLIST_FILE = YES;
				INFOPLIST_FILE = AdrianIraizos_BigBangUIKit/Info.plist;
				INFOPLIST_KEY_UIApplicationSupportsIndirectInputEvents = YES;
				INFOPLIST_KEY_UILaunchStoryboardName = LaunchScreen;
				INFOPLIST_KEY_UIMainStoryboardFile = Main;
				INFOPLIST_KEY_UISupportedInterfaceOrientations_iPad = "UIInterfaceOrientationPortrait UIInterfaceOrientationPortraitUpsideDown UIInterfaceOrientationLandscapeLeft UIInterfaceOrientationLandscapeRight";
				INFOPLIST_KEY_UISupportedInterfaceOrientations_iPhone = "UIInterfaceOrientationPortrait UIInterfaceOrientationLandscapeLeft UIInterfaceOrientationLandscapeRight";
				LD_RUNPATH_SEARCH_PATHS = (
					"$(inherited)",
					"@executable_path/Frameworks",
				);
				MARKETING_VERSION = 1.0;
				PRODUCT_BUNDLE_IDENTIFIER = "dev.adrianiraizos.AdrianIraizos-BigBangUIKit";
				PRODUCT_NAME = "$(TARGET_NAME)";
				SWIFT_EMIT_LOC_STRINGS = YES;
				SWIFT_VERSION = 5.0;
				TARGETED_DEVICE_FAMILY = "1,2";
			};
			name = Debug;
		};
		3A5305C729D4526D00C11B7A /* Release */ = {
			isa = XCBuildConfiguration;
			buildSettings = {
				ASSETCATALOG_COMPILER_APPICON_NAME = AppIcon;
				ASSETCATALOG_COMPILER_GLOBAL_ACCENT_COLOR_NAME = AccentColor;
				CODE_SIGN_STYLE = Automatic;
				CURRENT_PROJECT_VERSION = 1;
				DEVELOPMENT_TEAM = 6SPUJN2479;
				GENERATE_INFOPLIST_FILE = YES;
				INFOPLIST_FILE = AdrianIraizos_BigBangUIKit/Info.plist;
				INFOPLIST_KEY_UIApplicationSupportsIndirectInputEvents = YES;
				INFOPLIST_KEY_UILaunchStoryboardName = LaunchScreen;
				INFOPLIST_KEY_UIMainStoryboardFile = Main;
				INFOPLIST_KEY_UISupportedInterfaceOrientations_iPad = "UIInterfaceOrientationPortrait UIInterfaceOrientationPortraitUpsideDown UIInterfaceOrientationLandscapeLeft UIInterfaceOrientationLandscapeRight";
				INFOPLIST_KEY_UISupportedInterfaceOrientations_iPhone = "UIInterfaceOrientationPortrait UIInterfaceOrientationLandscapeLeft UIInterfaceOrientationLandscapeRight";
				LD_RUNPATH_SEARCH_PATHS = (
					"$(inherited)",
					"@executable_path/Frameworks",
				);
				MARKETING_VERSION = 1.0;
				PRODUCT_BUNDLE_IDENTIFIER = "dev.adrianiraizos.AdrianIraizos-BigBangUIKit";
				PRODUCT_NAME = "$(TARGET_NAME)";
				SWIFT_EMIT_LOC_STRINGS = YES;
				SWIFT_VERSION = 5.0;
				TARGETED_DEVICE_FAMILY = "1,2";
			};
			name = Release;
		};
/* End XCBuildConfiguration section */

/* Begin XCConfigurationList section */
		3A36BBF82AB3146B0067E40F /* Build configuration list for PBXNativeTarget "AdrianIraizos_BigBangUIKitTests" */ = {
			isa = XCConfigurationList;
			buildConfigurations = (
				3A36BBF92AB3146B0067E40F /* Debug */,
				3A36BBFA2AB3146B0067E40F /* Release */,
			);
			defaultConfigurationIsVisible = 0;
			defaultConfigurationName = Release;
		};
		3A5305AC29D4526C00C11B7A /* Build configuration list for PBXProject "AdrianIraizos_BigBangUIKit" */ = {
			isa = XCConfigurationList;
			buildConfigurations = (
				3A5305C329D4526D00C11B7A /* Debug */,
				3A5305C429D4526D00C11B7A /* Release */,
			);
			defaultConfigurationIsVisible = 0;
			defaultConfigurationName = Release;
		};
		3A5305C529D4526D00C11B7A /* Build configuration list for PBXNativeTarget "AdrianIraizos_BigBangUIKit" */ = {
			isa = XCConfigurationList;
			buildConfigurations = (
				3A5305C629D4526D00C11B7A /* Debug */,
				3A5305C729D4526D00C11B7A /* Release */,
			);
			defaultConfigurationIsVisible = 0;
			defaultConfigurationName = Release;
		};
/* End XCConfigurationList section */
	};
	rootObject = 3A5305A929D4526C00C11B7A /* Project object */;
}
